
Microsoft Visual Studio Solution File, Format Version 12.00
# Visual Studio Version 17
VisualStudioVersion = 17.2.32505.173
MinimumVisualStudioVersion = 10.0.40219.1
Project("{9A19103F-16F7-4668-BE54-9A1E7A4F7556}") = "Patient_Management_System.Web", "Patient_Management_System.Web.csproj", "{B8DAE88F-B834-4A69-A820-BABC53BF88AB}"
EndProject
Global
	GlobalSection(SolutionConfigurationPlatforms) = preSolution
		Debug|Any CPU = Debug|Any CPU
		Release|Any CPU = Release|Any CPU
	EndGlobalSection
	GlobalSection(ProjectConfigurationPlatforms) = postSolution
		{B8DAE88F-B834-4A69-A820-BABC53BF88AB}.Debug|Any CPU.ActiveCfg = Debug|Any CPU
		{B8DAE88F-B834-4A69-A820-BABC53BF88AB}.Debug|Any CPU.Build.0 = Debug|Any CPU
		{B8DAE88F-B834-4A69-A820-BABC53BF88AB}.Release|Any CPU.ActiveCfg = Release|Any CPU
		{B8DAE88F-B834-4A69-A820-BABC53BF88AB}.Release|Any CPU.Build.0 = Release|Any CPU
	EndGlobalSection
	GlobalSection(SolutionProperties) = preSolution
		HideSolutionNode = FALSE
	EndGlobalSection
	GlobalSection(ExtensibilityGlobals) = postSolution
		SolutionGuid = {C8177DD4-6496-4FFD-A3B2-6E3EE8B7E4C1}
	EndGlobalSection
EndGlobal
